
Microsoft Visual Studio Solution File, Format Version 12.00
# Visual Studio Version 17
VisualStudioVersion = 17.11.35222.181
MinimumVisualStudioVersion = 10.0.40219.1
Project("{9A19103F-16F7-4668-BE54-9A1E7A4F7556}") = "KioscoInformaticoServices", "KioscoInformaticoServices\KioscoInformaticoServices.csproj", "{980F9627-D1A2-4656-B90A-FB0CDECCBC6E}"
EndProject
Project("{9A19103F-16F7-4668-BE54-9A1E7A4F7556}") = "KioscoInformaticoDesktop", "KioscoInformaticoDesktop\KioscoInformaticoDesktop.csproj", "{BF2A40E3-BECF-472C-9CD0-346C062687C2}"
EndProject
Project("{9A19103F-16F7-4668-BE54-9A1E7A4F7556}") = "KioscoInformaticoBackend", "KioscoInformaticoBackend\KioscoInformaticoBackend.csproj", "{4D18D0A7-3B75-43DC-BEA1-76F76E181B9D}"
EndProject
Project("{9A19103F-16F7-4668-BE54-9A1E7A4F7556}") = "KioscoInformaticoApp", "KioscoInformaticoApp\KioscoInformaticoApp-\KioscoInformaticoApp.csproj", "{C8D0DB54-E7D2-493D-A0A9-B58B3E9436E8}"
EndProject
Project("{9A19103F-16F7-4668-BE54-9A1E7A4F7556}") = "KioscoInformaticoWeb", "KioscoInformaticoWeb\KioscoInformaticoWeb.csproj", "{C61126D0-EB97-400F-855E-71FCC3573A23}"
EndProject
Global
	GlobalSection(SolutionConfigurationPlatforms) = preSolution
		Debug|Any CPU = Debug|Any CPU
		Release|Any CPU = Release|Any CPU
	EndGlobalSection
	GlobalSection(ProjectConfigurationPlatforms) = postSolution
		{980F9627-D1A2-4656-B90A-FB0CDECCBC6E}.Debug|Any CPU.ActiveCfg = Debug|Any CPU
		{980F9627-D1A2-4656-B90A-FB0CDECCBC6E}.Debug|Any CPU.Build.0 = Debug|Any CPU
		{980F9627-D1A2-4656-B90A-FB0CDECCBC6E}.Release|Any CPU.ActiveCfg = Release|Any CPU
		{980F9627-D1A2-4656-B90A-FB0CDECCBC6E}.Release|Any CPU.Build.0 = Release|Any CPU
		{BF2A40E3-BECF-472C-9CD0-346C062687C2}.Debug|Any CPU.ActiveCfg = Debug|Any CPU
		{BF2A40E3-BECF-472C-9CD0-346C062687C2}.Debug|Any CPU.Build.0 = Debug|Any CPU
		{BF2A40E3-BECF-472C-9CD0-346C062687C2}.Release|Any CPU.ActiveCfg = Release|Any CPU
		{BF2A40E3-BECF-472C-9CD0-346C062687C2}.Release|Any CPU.Build.0 = Release|Any CPU
		{4D18D0A7-3B75-43DC-BEA1-76F76E181B9D}.Debug|Any CPU.ActiveCfg = Debug|Any CPU
		{4D18D0A7-3B75-43DC-BEA1-76F76E181B9D}.Debug|Any CPU.Build.0 = Debug|Any CPU
		{4D18D0A7-3B75-43DC-BEA1-76F76E181B9D}.Release|Any CPU.ActiveCfg = Release|Any CPU
		{4D18D0A7-3B75-43DC-BEA1-76F76E181B9D}.Release|Any CPU.Build.0 = Release|Any CPU
		{C8D0DB54-E7D2-493D-A0A9-B58B3E9436E8}.Debug|Any CPU.ActiveCfg = Debug|Any CPU
		{C8D0DB54-E7D2-493D-A0A9-B58B3E9436E8}.Debug|Any CPU.Build.0 = Debug|Any CPU
		{C8D0DB54-E7D2-493D-A0A9-B58B3E9436E8}.Debug|Any CPU.Deploy.0 = Debug|Any CPU
		{C8D0DB54-E7D2-493D-A0A9-B58B3E9436E8}.Release|Any CPU.ActiveCfg = Release|Any CPU
		{C8D0DB54-E7D2-493D-A0A9-B58B3E9436E8}.Release|Any CPU.Build.0 = Release|Any CPU
		{C8D0DB54-E7D2-493D-A0A9-B58B3E9436E8}.Release|Any CPU.Deploy.0 = Release|Any CPU
		{C61126D0-EB97-400F-855E-71FCC3573A23}.Debug|Any CPU.ActiveCfg = Debug|Any CPU
		{C61126D0-EB97-400F-855E-71FCC3573A23}.Debug|Any CPU.Build.0 = Debug|Any CPU
		{C61126D0-EB97-400F-855E-71FCC3573A23}.Release|Any CPU.ActiveCfg = Release|Any CPU
		{C61126D0-EB97-400F-855E-71FCC3573A23}.Release|Any CPU.Build.0 = Release|Any CPU
	EndGlobalSection
	GlobalSection(SolutionProperties) = preSolution
		HideSolutionNode = FALSE
	EndGlobalSection
	GlobalSection(ExtensibilityGlobals) = postSolution
		SolutionGuid = {E3919763-7755-4072-B11B-BD2A9C51C2A5}
	EndGlobalSection
EndGlobal
